// !$*UTF8*$!
{
	archiveVersion = 1;
	classes = {
	};
	objectVersion = 56;
	objects = {

/* Begin PBXBuildFile section */
		970A2ACA2997EC530085ADDC /* MainTabBarItems.swift in Sources */ = {isa = PBXBuildFile; fileRef = 970A2AC92997EC530085ADDC /* MainTabBarItems.swift */; };
		970A2ACC299E79C80085ADDC /* CustomBasketItemView.swift in Sources */ = {isa = PBXBuildFile; fileRef = 970A2ACB299E79C80085ADDC /* CustomBasketItemView.swift */; };
		970A2B3A29A7B9AB0085ADDC /* BasketViewModel.swift in Sources */ = {isa = PBXBuildFile; fileRef = 970A2B3929A7B9AB0085ADDC /* BasketViewModel.swift */; };
		970A2B7529B38D770085ADDC /* Extension + String.swift in Sources */ = {isa = PBXBuildFile; fileRef = 970A2B7429B38D770085ADDC /* Extension + String.swift */; };
		970A2B7929B3B3F00085ADDC /* BasketTableViewCell.swift in Sources */ = {isa = PBXBuildFile; fileRef = 970A2B7829B3B3F00085ADDC /* BasketTableViewCell.swift */; };
		974654E12962F24700C148B4 /* AppDelegate.swift in Sources */ = {isa = PBXBuildFile; fileRef = 974654E02962F24700C148B4 /* AppDelegate.swift */; };
		974654E32962F24700C148B4 /* SceneDelegate.swift in Sources */ = {isa = PBXBuildFile; fileRef = 974654E22962F24700C148B4 /* SceneDelegate.swift */; };
		974654E82962F24700C148B4 /* Main.storyboard in Resources */ = {isa = PBXBuildFile; fileRef = 974654E62962F24700C148B4 /* Main.storyboard */; };
		974654EA2962F24800C148B4 /* Assets.xcassets in Resources */ = {isa = PBXBuildFile; fileRef = 974654E92962F24800C148B4 /* Assets.xcassets */; };
		974654ED2962F24800C148B4 /* LaunchScreen.storyboard in Resources */ = {isa = PBXBuildFile; fileRef = 974654EB2962F24800C148B4 /* LaunchScreen.storyboard */; };
		974654FD2962F48300C148B4 /* APIManager.swift in Sources */ = {isa = PBXBuildFile; fileRef = 974654FC2962F48300C148B4 /* APIManager.swift */; };
		974655002962F55F00C148B4 /* UserModel.swift in Sources */ = {isa = PBXBuildFile; fileRef = 974654FF2962F55F00C148B4 /* UserModel.swift */; };
		974655022962F59F00C148B4 /* Document.swift in Sources */ = {isa = PBXBuildFile; fileRef = 974655012962F59F00C148B4 /* Document.swift */; };
		974655042962F72500C148B4 /* AuthManager.swift in Sources */ = {isa = PBXBuildFile; fileRef = 974655032962F72500C148B4 /* AuthManager.swift */; };
		974655062962F7A600C148B4 /* LoginUserModel.swift in Sources */ = {isa = PBXBuildFile; fileRef = 974655052962F7A600C148B4 /* LoginUserModel.swift */; };
		9746550B2962F8C100C148B4 /* LoginViewController.swift in Sources */ = {isa = PBXBuildFile; fileRef = 9746550A2962F8C100C148B4 /* LoginViewController.swift */; };
		9746550E2962F91600C148B4 /* NiblessViewcontroller.swift in Sources */ = {isa = PBXBuildFile; fileRef = 9746550D2962F91600C148B4 /* NiblessViewcontroller.swift */; };
		974655102962F94100C148B4 /* MainResponder.swift in Sources */ = {isa = PBXBuildFile; fileRef = 9746550F2962F94100C148B4 /* MainResponder.swift */; };
		974655122962F95800C148B4 /* NavigationStepResponder.swift in Sources */ = {isa = PBXBuildFile; fileRef = 974655112962F95800C148B4 /* NavigationStepResponder.swift */; };
		974655142962F98000C148B4 /* MainView.swift in Sources */ = {isa = PBXBuildFile; fileRef = 974655132962F98000C148B4 /* MainView.swift */; };
		974655162962F99600C148B4 /* Dynamic.swift in Sources */ = {isa = PBXBuildFile; fileRef = 974655152962F99600C148B4 /* Dynamic.swift */; };
		974655192962F9E700C148B4 /* MainViewModel.swift in Sources */ = {isa = PBXBuildFile; fileRef = 974655182962F9E700C148B4 /* MainViewModel.swift */; };
		9746551B2962FA0400C148B4 /* LoginViewModel.swift in Sources */ = {isa = PBXBuildFile; fileRef = 9746551A2962FA0400C148B4 /* LoginViewModel.swift */; };
		9746551D2962FB1A00C148B4 /* LoginViewControllerView.swift in Sources */ = {isa = PBXBuildFile; fileRef = 9746551C2962FB1A00C148B4 /* LoginViewControllerView.swift */; };
		974655202962FB5700C148B4 /* Constants.swift in Sources */ = {isa = PBXBuildFile; fileRef = 9746551F2962FB5700C148B4 /* Constants.swift */; };
		974655222962FBEC00C148B4 /* Colors.swift in Sources */ = {isa = PBXBuildFile; fileRef = 974655212962FBEC00C148B4 /* Colors.swift */; };
		974655242962FC1300C148B4 /* Icons.swift in Sources */ = {isa = PBXBuildFile; fileRef = 974655232962FC1300C148B4 /* Icons.swift */; };
		974655272962FC3300C148B4 /* Images.swift in Sources */ = {isa = PBXBuildFile; fileRef = 974655262962FC3300C148B4 /* Images.swift */; };
		9746552D2962FCC400C148B4 /* Extension + UIView.swift in Sources */ = {isa = PBXBuildFile; fileRef = 9746552C2962FCC400C148B4 /* Extension + UIView.swift */; };
		9746552F2962FCEA00C148B4 /* Extension + Optional.swift in Sources */ = {isa = PBXBuildFile; fileRef = 9746552E2962FCEA00C148B4 /* Extension + Optional.swift */; };
		974655312962FD1200C148B4 /* Extension + UIAlert.swift in Sources */ = {isa = PBXBuildFile; fileRef = 974655302962FD1200C148B4 /* Extension + UIAlert.swift */; };
		974655332962FD3300C148B4 /* Extension + UIViewController.swift in Sources */ = {isa = PBXBuildFile; fileRef = 974655322962FD3300C148B4 /* Extension + UIViewController.swift */; };
		9746553529630E2D00C148B4 /* AuthTextField.swift in Sources */ = {isa = PBXBuildFile; fileRef = 9746553429630E2D00C148B4 /* AuthTextField.swift */; };
		9746553929630E7B00C148B4 /* ConfirmRegistrationButton.swift in Sources */ = {isa = PBXBuildFile; fileRef = 9746553829630E7B00C148B4 /* ConfirmRegistrationButton.swift */; };
		9746553C29630EAB00C148B4 /* CheckBoxButton.swift in Sources */ = {isa = PBXBuildFile; fileRef = 9746553B29630EAB00C148B4 /* CheckBoxButton.swift */; };
		9746553F29630ED600C148B4 /* AuthTextFieldView.swift in Sources */ = {isa = PBXBuildFile; fileRef = 9746553E29630ED600C148B4 /* AuthTextFieldView.swift */; };
		9746554229630F0500C148B4 /* LoginBottomView.swift in Sources */ = {isa = PBXBuildFile; fileRef = 9746554129630F0500C148B4 /* LoginBottomView.swift */; };
		9746554429630F3500C148B4 /* KeyboardObserver.swift in Sources */ = {isa = PBXBuildFile; fileRef = 9746554329630F3500C148B4 /* KeyboardObserver.swift */; };
		9746554729631A1600C148B4 /* DeliveryMenuDependencyContainer.swift in Sources */ = {isa = PBXBuildFile; fileRef = 9746554629631A1600C148B4 /* DeliveryMenuDependencyContainer.swift */; };
		9746554929631A3800C148B4 /* MainViewController.swift in Sources */ = {isa = PBXBuildFile; fileRef = 9746554829631A3800C148B4 /* MainViewController.swift */; };
		9746554B29631B7D00C148B4 /* DeliveryMenuMainTabBarDependencyContainer.swift in Sources */ = {isa = PBXBuildFile; fileRef = 9746554A29631B7D00C148B4 /* DeliveryMenuMainTabBarDependencyContainer.swift */; };
		9746554E29631C6500C148B4 /* RegistrationViewController.swift in Sources */ = {isa = PBXBuildFile; fileRef = 9746554D29631C6500C148B4 /* RegistrationViewController.swift */; };
		9746555029631C7F00C148B4 /* RegistrationViewControllerView.swift in Sources */ = {isa = PBXBuildFile; fileRef = 9746554F29631C7F00C148B4 /* RegistrationViewControllerView.swift */; };
		9746555329631D0400C148B4 /* RegistrationBottomView.swift in Sources */ = {isa = PBXBuildFile; fileRef = 9746555229631D0400C148B4 /* RegistrationBottomView.swift */; };
		9746555629631D4B00C148B4 /* AttributedStringWithLink.swift in Sources */ = {isa = PBXBuildFile; fileRef = 9746555529631D4B00C148B4 /* AttributedStringWithLink.swift */; };
		9746555829631EE600C148B4 /* GoogleService-Info.plist in Resources */ = {isa = PBXBuildFile; fileRef = 9746555729631EE600C148B4 /* GoogleService-Info.plist */; };
		9746555A2965CE4F00C148B4 /* RegistrationViewModel.swift in Sources */ = {isa = PBXBuildFile; fileRef = 974655592965CE4F00C148B4 /* RegistrationViewModel.swift */; };
		974E6AD829B49414001B1E25 /* MovingBasketViewCell.swift in Sources */ = {isa = PBXBuildFile; fileRef = 974E6AD729B49414001B1E25 /* MovingBasketViewCell.swift */; };
		976DC77E29740C6300E482DB /* DishesCellAddButton.swift in Sources */ = {isa = PBXBuildFile; fileRef = 976DC77D29740C6300E482DB /* DishesCellAddButton.swift */; };
		979EBF93296CB46800F1595C /* SpinnerViewController.swift in Sources */ = {isa = PBXBuildFile; fileRef = 979EBF92296CB46800F1595C /* SpinnerViewController.swift */; };
		979EBF95296CB47C00F1595C /* SpinnerViewControllerView.swift in Sources */ = {isa = PBXBuildFile; fileRef = 979EBF94296CB47C00F1595C /* SpinnerViewControllerView.swift */; };
		979EBF98296CBD0100F1595C /* DishesViewController.swift in Sources */ = {isa = PBXBuildFile; fileRef = 979EBF97296CBD0100F1595C /* DishesViewController.swift */; };
		979EBF9A296CBD1300F1595C /* DishesViewControllerView.swift in Sources */ = {isa = PBXBuildFile; fileRef = 979EBF99296CBD1300F1595C /* DishesViewControllerView.swift */; };
		97AE2AF32987D0B600DE8E27 /* SpinnerView.swift in Sources */ = {isa = PBXBuildFile; fileRef = 97AE2AF22987D0B600DE8E27 /* SpinnerView.swift */; };
		97AE2AF62987D1D900DE8E27 /* BasketViewController.swift in Sources */ = {isa = PBXBuildFile; fileRef = 97AE2AF52987D1D900DE8E27 /* BasketViewController.swift */; };
		97AE2AF82987D20B00DE8E27 /* BasketViewControllerView.swift in Sources */ = {isa = PBXBuildFile; fileRef = 97AE2AF72987D20B00DE8E27 /* BasketViewControllerView.swift */; };
		97AE2AFB2987D9DE00DE8E27 /* MovingBasketView.swift in Sources */ = {isa = PBXBuildFile; fileRef = 97AE2AFA2987D9DE00DE8E27 /* MovingBasketView.swift */; };
		97AE2AFD2987DB3500DE8E27 /* SelfSizingTableView.swift in Sources */ = {isa = PBXBuildFile; fileRef = 97AE2AFC2987DB3500DE8E27 /* SelfSizingTableView.swift */; };
		97AE2AFF2987EF3600DE8E27 /* OrderButton.swift in Sources */ = {isa = PBXBuildFile; fileRef = 97AE2AFE2987EF3600DE8E27 /* OrderButton.swift */; };
		97AE2B0129880B3E00DE8E27 /* DishModel.swift in Sources */ = {isa = PBXBuildFile; fileRef = 97AE2B0029880B3E00DE8E27 /* DishModel.swift */; };
		97AE2B05298820BF00DE8E27 /* DishesViewModel.swift in Sources */ = {isa = PBXBuildFile; fileRef = 97AE2B04298820BF00DE8E27 /* DishesViewModel.swift */; };
		97FC98AB2972EBA700710CAD /* TypesOfDishesView.swift in Sources */ = {isa = PBXBuildFile; fileRef = 97FC98AA2972EBA700710CAD /* TypesOfDishesView.swift */; };
		97FC98AE2972F47700710CAD /* TypesOfDishesEnum.swift in Sources */ = {isa = PBXBuildFile; fileRef = 97FC98AD2972F47700710CAD /* TypesOfDishesEnum.swift */; };
		97FC98B22972FC5700710CAD /* TypesOfDishesCollectionViewCell.swift in Sources */ = {isa = PBXBuildFile; fileRef = 97FC98B12972FC5700710CAD /* TypesOfDishesCollectionViewCell.swift */; };
		97FC98B629733B0400710CAD /* DishesCollectionViewCell.swift in Sources */ = {isa = PBXBuildFile; fileRef = 97FC98B529733B0400710CAD /* DishesCollectionViewCell.swift */; };
		DF379B7F6D6E970E8486B1C5 /* Pods_FoxDelivery.framework in Frameworks */ = {isa = PBXBuildFile; fileRef = 7A1F600FA8EE0B592138A410 /* Pods_FoxDelivery.framework */; };
/* End PBXBuildFile section */

/* Begin PBXFileReference section */
		7A1F600FA8EE0B592138A410 /* Pods_FoxDelivery.framework */ = {isa = PBXFileReference; explicitFileType = wrapper.framework; includeInIndex = 0; path = Pods_FoxDelivery.framework; sourceTree = BUILT_PRODUCTS_DIR; };
		963871B149F1BA018C322381 /* Pods-FoxDelivery.debug.xcconfig */ = {isa = PBXFileReference; includeInIndex = 1; lastKnownFileType = text.xcconfig; name = "Pods-FoxDelivery.debug.xcconfig"; path = "Target Support Files/Pods-FoxDelivery/Pods-FoxDelivery.debug.xcconfig"; sourceTree = "<group>"; };
		970A2AC92997EC530085ADDC /* MainTabBarItems.swift */ = {isa = PBXFileReference; lastKnownFileType = sourcecode.swift; path = MainTabBarItems.swift; sourceTree = "<group>"; };
		970A2ACB299E79C80085ADDC /* CustomBasketItemView.swift */ = {isa = PBXFileReference; lastKnownFileType = sourcecode.swift; path = CustomBasketItemView.swift; sourceTree = "<group>"; };
		970A2B3929A7B9AB0085ADDC /* BasketViewModel.swift */ = {isa = PBXFileReference; lastKnownFileType = sourcecode.swift; path = BasketViewModel.swift; sourceTree = "<group>"; };
		970A2B7429B38D770085ADDC /* Extension + String.swift */ = {isa = PBXFileReference; lastKnownFileType = sourcecode.swift; path = "Extension + String.swift"; sourceTree = "<group>"; };
		970A2B7829B3B3F00085ADDC /* BasketTableViewCell.swift */ = {isa = PBXFileReference; lastKnownFileType = sourcecode.swift; path = BasketTableViewCell.swift; sourceTree = "<group>"; };
		974654DD2962F24700C148B4 /* FoxDelivery.app */ = {isa = PBXFileReference; explicitFileType = wrapper.application; includeInIndex = 0; path = FoxDelivery.app; sourceTree = BUILT_PRODUCTS_DIR; };
		974654E02962F24700C148B4 /* AppDelegate.swift */ = {isa = PBXFileReference; lastKnownFileType = sourcecode.swift; path = AppDelegate.swift; sourceTree = "<group>"; };
		974654E22962F24700C148B4 /* SceneDelegate.swift */ = {isa = PBXFileReference; lastKnownFileType = sourcecode.swift; path = SceneDelegate.swift; sourceTree = "<group>"; };
		974654E72962F24700C148B4 /* Base */ = {isa = PBXFileReference; lastKnownFileType = file.storyboard; name = Base; path = Base.lproj/Main.storyboard; sourceTree = "<group>"; };
		974654E92962F24800C148B4 /* Assets.xcassets */ = {isa = PBXFileReference; lastKnownFileType = folder.assetcatalog; path = Assets.xcassets; sourceTree = "<group>"; };
		974654EC2962F24800C148B4 /* Base */ = {isa = PBXFileReference; lastKnownFileType = file.storyboard; name = Base; path = Base.lproj/LaunchScreen.storyboard; sourceTree = "<group>"; };
		974654EE2962F24800C148B4 /* Info.plist */ = {isa = PBXFileReference; lastKnownFileType = text.plist.xml; path = Info.plist; sourceTree = "<group>"; };
		974654FC2962F48300C148B4 /* APIManager.swift */ = {isa = PBXFileReference; lastKnownFileType = sourcecode.swift; path = APIManager.swift; sourceTree = "<group>"; };
		974654FF2962F55F00C148B4 /* UserModel.swift */ = {isa = PBXFileReference; lastKnownFileType = sourcecode.swift; path = UserModel.swift; sourceTree = "<group>"; };
		974655012962F59F00C148B4 /* Document.swift */ = {isa = PBXFileReference; lastKnownFileType = sourcecode.swift; path = Document.swift; sourceTree = "<group>"; };
		974655032962F72500C148B4 /* AuthManager.swift */ = {isa = PBXFileReference; lastKnownFileType = sourcecode.swift; path = AuthManager.swift; sourceTree = "<group>"; };
		974655052962F7A600C148B4 /* LoginUserModel.swift */ = {isa = PBXFileReference; lastKnownFileType = sourcecode.swift; path = LoginUserModel.swift; sourceTree = "<group>"; };
		9746550A2962F8C100C148B4 /* LoginViewController.swift */ = {isa = PBXFileReference; lastKnownFileType = sourcecode.swift; path = LoginViewController.swift; sourceTree = "<group>"; };
		9746550D2962F91600C148B4 /* NiblessViewcontroller.swift */ = {isa = PBXFileReference; lastKnownFileType = sourcecode.swift; path = NiblessViewcontroller.swift; sourceTree = "<group>"; };
		9746550F2962F94100C148B4 /* MainResponder.swift */ = {isa = PBXFileReference; lastKnownFileType = sourcecode.swift; path = MainResponder.swift; sourceTree = "<group>"; };
		974655112962F95800C148B4 /* NavigationStepResponder.swift */ = {isa = PBXFileReference; lastKnownFileType = sourcecode.swift; path = NavigationStepResponder.swift; sourceTree = "<group>"; };
		974655132962F98000C148B4 /* MainView.swift */ = {isa = PBXFileReference; lastKnownFileType = sourcecode.swift; path = MainView.swift; sourceTree = "<group>"; };
		974655152962F99600C148B4 /* Dynamic.swift */ = {isa = PBXFileReference; lastKnownFileType = sourcecode.swift; path = Dynamic.swift; sourceTree = "<group>"; };
		974655182962F9E700C148B4 /* MainViewModel.swift */ = {isa = PBXFileReference; lastKnownFileType = sourcecode.swift; path = MainViewModel.swift; sourceTree = "<group>"; };
		9746551A2962FA0400C148B4 /* LoginViewModel.swift */ = {isa = PBXFileReference; lastKnownFileType = sourcecode.swift; path = LoginViewModel.swift; sourceTree = "<group>"; };
		9746551C2962FB1A00C148B4 /* LoginViewControllerView.swift */ = {isa = PBXFileReference; lastKnownFileType = sourcecode.swift; path = LoginViewControllerView.swift; sourceTree = "<group>"; };
		9746551F2962FB5700C148B4 /* Constants.swift */ = {isa = PBXFileReference; lastKnownFileType = sourcecode.swift; path = Constants.swift; sourceTree = "<group>"; };
		974655212962FBEC00C148B4 /* Colors.swift */ = {isa = PBXFileReference; lastKnownFileType = sourcecode.swift; path = Colors.swift; sourceTree = "<group>"; };
		974655232962FC1300C148B4 /* Icons.swift */ = {isa = PBXFileReference; lastKnownFileType = sourcecode.swift; path = Icons.swift; sourceTree = "<group>"; };
		974655262962FC3300C148B4 /* Images.swift */ = {isa = PBXFileReference; lastKnownFileType = sourcecode.swift; path = Images.swift; sourceTree = "<group>"; };
		9746552C2962FCC400C148B4 /* Extension + UIView.swift */ = {isa = PBXFileReference; lastKnownFileType = sourcecode.swift; path = "Extension + UIView.swift"; sourceTree = "<group>"; };
		9746552E2962FCEA00C148B4 /* Extension + Optional.swift */ = {isa = PBXFileReference; lastKnownFileType = sourcecode.swift; path = "Extension + Optional.swift"; sourceTree = "<group>"; };
		974655302962FD1200C148B4 /* Extension + UIAlert.swift */ = {isa = PBXFileReference; lastKnownFileType = sourcecode.swift; path = "Extension + UIAlert.swift"; sourceTree = "<group>"; };
		974655322962FD3300C148B4 /* Extension + UIViewController.swift */ = {isa = PBXFileReference; lastKnownFileType = sourcecode.swift; path = "Extension + UIViewController.swift"; sourceTree = "<group>"; };
		9746553429630E2D00C148B4 /* AuthTextField.swift */ = {isa = PBXFileReference; lastKnownFileType = sourcecode.swift; path = AuthTextField.swift; sourceTree = "<group>"; };
		9746553829630E7B00C148B4 /* ConfirmRegistrationButton.swift */ = {isa = PBXFileReference; lastKnownFileType = sourcecode.swift; path = ConfirmRegistrationButton.swift; sourceTree = "<group>"; };
		9746553B29630EAB00C148B4 /* CheckBoxButton.swift */ = {isa = PBXFileReference; lastKnownFileType = sourcecode.swift; path = CheckBoxButton.swift; sourceTree = "<group>"; };
		9746553E29630ED600C148B4 /* AuthTextFieldView.swift */ = {isa = PBXFileReference; lastKnownFileType = sourcecode.swift; path = AuthTextFieldView.swift; sourceTree = "<group>"; };
		9746554129630F0500C148B4 /* LoginBottomView.swift */ = {isa = PBXFileReference; lastKnownFileType = sourcecode.swift; path = LoginBottomView.swift; sourceTree = "<group>"; };
		9746554329630F3500C148B4 /* KeyboardObserver.swift */ = {isa = PBXFileReference; lastKnownFileType = sourcecode.swift; path = KeyboardObserver.swift; sourceTree = "<group>"; };
		9746554629631A1600C148B4 /* DeliveryMenuDependencyContainer.swift */ = {isa = PBXFileReference; lastKnownFileType = sourcecode.swift; path = DeliveryMenuDependencyContainer.swift; sourceTree = "<group>"; };
		9746554829631A3800C148B4 /* MainViewController.swift */ = {isa = PBXFileReference; lastKnownFileType = sourcecode.swift; path = MainViewController.swift; sourceTree = "<group>"; };
		9746554A29631B7D00C148B4 /* DeliveryMenuMainTabBarDependencyContainer.swift */ = {isa = PBXFileReference; lastKnownFileType = sourcecode.swift; path = DeliveryMenuMainTabBarDependencyContainer.swift; sourceTree = "<group>"; };
		9746554D29631C6500C148B4 /* RegistrationViewController.swift */ = {isa = PBXFileReference; lastKnownFileType = sourcecode.swift; path = RegistrationViewController.swift; sourceTree = "<group>"; };
		9746554F29631C7F00C148B4 /* RegistrationViewControllerView.swift */ = {isa = PBXFileReference; lastKnownFileType = sourcecode.swift; path = RegistrationViewControllerView.swift; sourceTree = "<group>"; };
		9746555229631D0400C148B4 /* RegistrationBottomView.swift */ = {isa = PBXFileReference; lastKnownFileType = sourcecode.swift; path = RegistrationBottomView.swift; sourceTree = "<group>"; };
		9746555529631D4B00C148B4 /* AttributedStringWithLink.swift */ = {isa = PBXFileReference; lastKnownFileType = sourcecode.swift; path = AttributedStringWithLink.swift; sourceTree = "<group>"; };
		9746555729631EE600C148B4 /* GoogleService-Info.plist */ = {isa = PBXFileReference; fileEncoding = 4; lastKnownFileType = text.plist.xml; path = "GoogleService-Info.plist"; sourceTree = "<group>"; };
		974655592965CE4F00C148B4 /* RegistrationViewModel.swift */ = {isa = PBXFileReference; lastKnownFileType = sourcecode.swift; path = RegistrationViewModel.swift; sourceTree = "<group>"; };
		974E6AD729B49414001B1E25 /* MovingBasketViewCell.swift */ = {isa = PBXFileReference; lastKnownFileType = sourcecode.swift; path = MovingBasketViewCell.swift; sourceTree = "<group>"; };
		976DC77D29740C6300E482DB /* DishesCellAddButton.swift */ = {isa = PBXFileReference; lastKnownFileType = sourcecode.swift; path = DishesCellAddButton.swift; sourceTree = "<group>"; };
		979EBF92296CB46800F1595C /* SpinnerViewController.swift */ = {isa = PBXFileReference; lastKnownFileType = sourcecode.swift; path = SpinnerViewController.swift; sourceTree = "<group>"; };
		979EBF94296CB47C00F1595C /* SpinnerViewControllerView.swift */ = {isa = PBXFileReference; lastKnownFileType = sourcecode.swift; path = SpinnerViewControllerView.swift; sourceTree = "<group>"; };
		979EBF97296CBD0100F1595C /* DishesViewController.swift */ = {isa = PBXFileReference; lastKnownFileType = sourcecode.swift; path = DishesViewController.swift; sourceTree = "<group>"; };
		979EBF99296CBD1300F1595C /* DishesViewControllerView.swift */ = {isa = PBXFileReference; lastKnownFileType = sourcecode.swift; path = DishesViewControllerView.swift; sourceTree = "<group>"; };
		97AE2AF22987D0B600DE8E27 /* SpinnerView.swift */ = {isa = PBXFileReference; lastKnownFileType = sourcecode.swift; path = SpinnerView.swift; sourceTree = "<group>"; };
		97AE2AF52987D1D900DE8E27 /* BasketViewController.swift */ = {isa = PBXFileReference; lastKnownFileType = sourcecode.swift; path = BasketViewController.swift; sourceTree = "<group>"; };
		97AE2AF72987D20B00DE8E27 /* BasketViewControllerView.swift */ = {isa = PBXFileReference; lastKnownFileType = sourcecode.swift; path = BasketViewControllerView.swift; sourceTree = "<group>"; };
		97AE2AFA2987D9DE00DE8E27 /* MovingBasketView.swift */ = {isa = PBXFileReference; lastKnownFileType = sourcecode.swift; path = MovingBasketView.swift; sourceTree = "<group>"; };
		97AE2AFC2987DB3500DE8E27 /* SelfSizingTableView.swift */ = {isa = PBXFileReference; lastKnownFileType = sourcecode.swift; path = SelfSizingTableView.swift; sourceTree = "<group>"; };
		97AE2AFE2987EF3600DE8E27 /* OrderButton.swift */ = {isa = PBXFileReference; lastKnownFileType = sourcecode.swift; path = OrderButton.swift; sourceTree = "<group>"; };
		97AE2B0029880B3E00DE8E27 /* DishModel.swift */ = {isa = PBXFileReference; lastKnownFileType = sourcecode.swift; path = DishModel.swift; sourceTree = "<group>"; };
		97AE2B04298820BF00DE8E27 /* DishesViewModel.swift */ = {isa = PBXFileReference; lastKnownFileType = sourcecode.swift; path = DishesViewModel.swift; sourceTree = "<group>"; };
		97FC98AA2972EBA700710CAD /* TypesOfDishesView.swift */ = {isa = PBXFileReference; lastKnownFileType = sourcecode.swift; path = TypesOfDishesView.swift; sourceTree = "<group>"; };
		97FC98AD2972F47700710CAD /* TypesOfDishesEnum.swift */ = {isa = PBXFileReference; lastKnownFileType = sourcecode.swift; path = TypesOfDishesEnum.swift; sourceTree = "<group>"; };
		97FC98B12972FC5700710CAD /* TypesOfDishesCollectionViewCell.swift */ = {isa = PBXFileReference; lastKnownFileType = sourcecode.swift; path = TypesOfDishesCollectionViewCell.swift; sourceTree = "<group>"; };
		97FC98B529733B0400710CAD /* DishesCollectionViewCell.swift */ = {isa = PBXFileReference; lastKnownFileType = sourcecode.swift; path = DishesCollectionViewCell.swift; sourceTree = "<group>"; };
		9B513C08D881BA5D9DEEA557 /* Pods-FoxDelivery.release.xcconfig */ = {isa = PBXFileReference; includeInIndex = 1; lastKnownFileType = text.xcconfig; name = "Pods-FoxDelivery.release.xcconfig"; path = "Target Support Files/Pods-FoxDelivery/Pods-FoxDelivery.release.xcconfig"; sourceTree = "<group>"; };
/* End PBXFileReference section */

/* Begin PBXFrameworksBuildPhase section */
		974654DA2962F24700C148B4 /* Frameworks */ = {
			isa = PBXFrameworksBuildPhase;
			buildActionMask = 2147483647;
			files = (
				DF379B7F6D6E970E8486B1C5 /* Pods_FoxDelivery.framework in Frameworks */,
			);
			runOnlyForDeploymentPostprocessing = 0;
		};
/* End PBXFrameworksBuildPhase section */

/* Begin PBXGroup section */
		970A2B7729B3B3DC0085ADDC /* BasketTableViewCell */ = {
			isa = PBXGroup;
			children = (
				970A2B7829B3B3F00085ADDC /* BasketTableViewCell.swift */,
			);
			path = BasketTableViewCell;
			sourceTree = "<group>";
		};
		974654D42962F24700C148B4 = {
			isa = PBXGroup;
			children = (
				974654DF2962F24700C148B4 /* FoxDelivery */,
				974654DE2962F24700C148B4 /* Products */,
				C79828C87B7F2C623B5386AB /* Pods */,
				9FDD0F8F1B973455D2F88EFF /* Frameworks */,
			);
			sourceTree = "<group>";
		};
		974654DE2962F24700C148B4 /* Products */ = {
			isa = PBXGroup;
			children = (
				974654DD2962F24700C148B4 /* FoxDelivery.app */,
			);
			name = Products;
			sourceTree = "<group>";
		};
		974654DF2962F24700C148B4 /* FoxDelivery */ = {
			isa = PBXGroup;
			children = (
				97FC98AC2972F42A00710CAD /* Enums */,
				9746552B2962FC9200C148B4 /* Extensions */,
				974654F52962F36500C148B4 /* Core */,
				974654F92962F40100C148B4 /* Main */,
				974654FA2962F40B00C148B4 /* UI */,
				974655092962F89800C148B4 /* General */,
				974655072962F81300C148B4 /* Controllers */,
				974655082962F88A00C148B4 /* Views */,
				97FC98B02972FC2D00710CAD /* Cells */,
				974654FE2962F53700C148B4 /* Models */,
				974654FB2962F46800C148B4 /* Managers */,
				974654F42962F33F00C148B4 /* Storyboard */,
				974654E02962F24700C148B4 /* AppDelegate.swift */,
				974654E22962F24700C148B4 /* SceneDelegate.swift */,
				974654E92962F24800C148B4 /* Assets.xcassets */,
				9746555729631EE600C148B4 /* GoogleService-Info.plist */,
				974654EE2962F24800C148B4 /* Info.plist */,
			);
			path = FoxDelivery;
			sourceTree = "<group>";
		};
		974654F42962F33F00C148B4 /* Storyboard */ = {
			isa = PBXGroup;
			children = (
				974654E62962F24700C148B4 /* Main.storyboard */,
				974654EB2962F24800C148B4 /* LaunchScreen.storyboard */,
			);
			path = Storyboard;
			sourceTree = "<group>";
		};
		974654F52962F36500C148B4 /* Core */ = {
			isa = PBXGroup;
			children = (
				974654F62962F37F00C148B4 /* Protocols */,
				974654F72962F3D400C148B4 /* Entities */,
				974655172962F9A800C148B4 /* ViewModels */,
			);
			path = Core;
			sourceTree = "<group>";
		};
		974654F62962F37F00C148B4 /* Protocols */ = {
			isa = PBXGroup;
			children = (
				9746550F2962F94100C148B4 /* MainResponder.swift */,
				974655112962F95800C148B4 /* NavigationStepResponder.swift */,
			);
			path = Protocols;
			sourceTree = "<group>";
		};
		974654F72962F3D400C148B4 /* Entities */ = {
			isa = PBXGroup;
			children = (
				974654F82962F3DE00C148B4 /* Main */,
				974655152962F99600C148B4 /* Dynamic.swift */,
			);
			path = Entities;
			sourceTree = "<group>";
		};
		974654F82962F3DE00C148B4 /* Main */ = {
			isa = PBXGroup;
			children = (
				974655132962F98000C148B4 /* MainView.swift */,
			);
			path = Main;
			sourceTree = "<group>";
		};
		974654F92962F40100C148B4 /* Main */ = {
			isa = PBXGroup;
			children = (
				9746554829631A3800C148B4 /* MainViewController.swift */,
			);
			path = Main;
			sourceTree = "<group>";
		};
		974654FA2962F40B00C148B4 /* UI */ = {
			isa = PBXGroup;
			children = (
				97465545296319E800C148B4 /* Containers */,
			);
			path = UI;
			sourceTree = "<group>";
		};
		974654FB2962F46800C148B4 /* Managers */ = {
			isa = PBXGroup;
			children = (
				974654FC2962F48300C148B4 /* APIManager.swift */,
				974655032962F72500C148B4 /* AuthManager.swift */,
			);
			path = Managers;
			sourceTree = "<group>";
		};
		974654FE2962F53700C148B4 /* Models */ = {
			isa = PBXGroup;
			children = (
				974654FF2962F55F00C148B4 /* UserModel.swift */,
				974655052962F7A600C148B4 /* LoginUserModel.swift */,
				974655012962F59F00C148B4 /* Document.swift */,
				97AE2B0029880B3E00DE8E27 /* DishModel.swift */,
			);
			path = Models;
			sourceTree = "<group>";
		};
		974655072962F81300C148B4 /* Controllers */ = {
			isa = PBXGroup;
			children = (
				979EBF91296CB43100F1595C /* SpinnerViewController  */,
				974655282962FC5300C148B4 /* LoginViewController */,
				9746554C29631C4B00C148B4 /* RegistrationViewController */,
				979EBF96296CBCE500F1595C /* DishesViewcontroller */,
				97AE2AF42987D1C000DE8E27 /* BasketViewController */,
			);
			path = Controllers;
			sourceTree = "<group>";
		};
		974655082962F88A00C148B4 /* Views */ = {
			isa = PBXGroup;
			children = (
				97FC98AA2972EBA700710CAD /* TypesOfDishesView.swift */,
				9746555229631D0400C148B4 /* RegistrationBottomView.swift */,
				9746554129630F0500C148B4 /* LoginBottomView.swift */,
				9746553E29630ED600C148B4 /* AuthTextFieldView.swift */,
				97AE2AF22987D0B600DE8E27 /* SpinnerView.swift */,
				97AE2AFA2987D9DE00DE8E27 /* MovingBasketView.swift */,
				970A2ACB299E79C80085ADDC /* CustomBasketItemView.swift */,
			);
			path = Views;
			sourceTree = "<group>";
		};
		974655092962F89800C148B4 /* General */ = {
			isa = PBXGroup;
			children = (
				9746554329630F3500C148B4 /* KeyboardObserver.swift */,
				9746550D2962F91600C148B4 /* NiblessViewcontroller.swift */,
				9746553429630E2D00C148B4 /* AuthTextField.swift */,
				9746553829630E7B00C148B4 /* ConfirmRegistrationButton.swift */,
				9746553B29630EAB00C148B4 /* CheckBoxButton.swift */,
				9746555529631D4B00C148B4 /* AttributedStringWithLink.swift */,
				976DC77D29740C6300E482DB /* DishesCellAddButton.swift */,
				97AE2AFC2987DB3500DE8E27 /* SelfSizingTableView.swift */,
				97AE2AFE2987EF3600DE8E27 /* OrderButton.swift */,
			);
			path = General;
			sourceTree = "<group>";
		};
		974655172962F9A800C148B4 /* ViewModels */ = {
			isa = PBXGroup;
			children = (
				974655182962F9E700C148B4 /* MainViewModel.swift */,
				9746551A2962FA0400C148B4 /* LoginViewModel.swift */,
				974655592965CE4F00C148B4 /* RegistrationViewModel.swift */,
				97AE2B04298820BF00DE8E27 /* DishesViewModel.swift */,
				970A2B3929A7B9AB0085ADDC /* BasketViewModel.swift */,
			);
			path = ViewModels;
			sourceTree = "<group>";
		};
		974655282962FC5300C148B4 /* LoginViewController */ = {
			isa = PBXGroup;
			children = (
				9746550A2962F8C100C148B4 /* LoginViewController.swift */,
				9746551C2962FB1A00C148B4 /* LoginViewControllerView.swift */,
			);
			path = LoginViewController;
			sourceTree = "<group>";
		};
		9746552B2962FC9200C148B4 /* Extensions */ = {
			isa = PBXGroup;
			children = (
				9746552C2962FCC400C148B4 /* Extension + UIView.swift */,
				9746552E2962FCEA00C148B4 /* Extension + Optional.swift */,
				974655302962FD1200C148B4 /* Extension + UIAlert.swift */,
				974655322962FD3300C148B4 /* Extension + UIViewController.swift */,
				970A2B7429B38D770085ADDC /* Extension + String.swift */,
			);
			path = Extensions;
			sourceTree = "<group>";
		};
		97465545296319E800C148B4 /* Containers */ = {
			isa = PBXGroup;
			children = (
				9746554629631A1600C148B4 /* DeliveryMenuDependencyContainer.swift */,
				9746554A29631B7D00C148B4 /* DeliveryMenuMainTabBarDependencyContainer.swift */,
			);
			path = Containers;
			sourceTree = "<group>";
		};
		9746554C29631C4B00C148B4 /* RegistrationViewController */ = {
			isa = PBXGroup;
			children = (
				9746554D29631C6500C148B4 /* RegistrationViewController.swift */,
				9746554F29631C7F00C148B4 /* RegistrationViewControllerView.swift */,
			);
			path = RegistrationViewController;
			sourceTree = "<group>";
		};
		974E6AD629B493FC001B1E25 /* MovingBasketViewCell */ = {
			isa = PBXGroup;
			children = (
				974E6AD729B49414001B1E25 /* MovingBasketViewCell.swift */,
			);
			path = MovingBasketViewCell;
			sourceTree = "<group>";
		};
		979EBF91296CB43100F1595C /* SpinnerViewController  */ = {
			isa = PBXGroup;
			children = (
				979EBF92296CB46800F1595C /* SpinnerViewController.swift */,
				979EBF94296CB47C00F1595C /* SpinnerViewControllerView.swift */,
			);
			path = "SpinnerViewController ";
			sourceTree = "<group>";
		};
		979EBF96296CBCE500F1595C /* DishesViewcontroller */ = {
			isa = PBXGroup;
			children = (
				979EBF97296CBD0100F1595C /* DishesViewController.swift */,
				979EBF99296CBD1300F1595C /* DishesViewControllerView.swift */,
			);
			path = DishesViewcontroller;
			sourceTree = "<group>";
		};
		97AE2AF42987D1C000DE8E27 /* BasketViewController */ = {
			isa = PBXGroup;
			children = (
				97AE2AF52987D1D900DE8E27 /* BasketViewController.swift */,
				97AE2AF72987D20B00DE8E27 /* BasketViewControllerView.swift */,
			);
			path = BasketViewController;
			sourceTree = "<group>";
		};
		97FC98AC2972F42A00710CAD /* Enums */ = {
			isa = PBXGroup;
			children = (
				97FC98AD2972F47700710CAD /* TypesOfDishesEnum.swift */,
				9746551F2962FB5700C148B4 /* Constants.swift */,
				974655212962FBEC00C148B4 /* Colors.swift */,
				974655232962FC1300C148B4 /* Icons.swift */,
				974655262962FC3300C148B4 /* Images.swift */,
				970A2AC92997EC530085ADDC /* MainTabBarItems.swift */,
			);
			path = Enums;
			sourceTree = "<group>";
		};
		97FC98B02972FC2D00710CAD /* Cells */ = {
			isa = PBXGroup;
			children = (
				97FC98B429733AE600710CAD /* DishesCollectionViewCell */,
				97FC98B32972FC5A00710CAD /* TypesOfDishesCollectionViewCell */,
				970A2B7729B3B3DC0085ADDC /* BasketTableViewCell */,
				974E6AD629B493FC001B1E25 /* MovingBasketViewCell */,
			);
			path = Cells;
			sourceTree = "<group>";
		};
		97FC98B32972FC5A00710CAD /* TypesOfDishesCollectionViewCell */ = {
			isa = PBXGroup;
			children = (
				97FC98B12972FC5700710CAD /* TypesOfDishesCollectionViewCell.swift */,
			);
			path = TypesOfDishesCollectionViewCell;
			sourceTree = "<group>";
		};
		97FC98B429733AE600710CAD /* DishesCollectionViewCell */ = {
			isa = PBXGroup;
			children = (
				97FC98B529733B0400710CAD /* DishesCollectionViewCell.swift */,
			);
			path = DishesCollectionViewCell;
			sourceTree = "<group>";
		};
		9FDD0F8F1B973455D2F88EFF /* Frameworks */ = {
			isa = PBXGroup;
			children = (
				7A1F600FA8EE0B592138A410 /* Pods_FoxDelivery.framework */,
			);
			name = Frameworks;
			sourceTree = "<group>";
		};
		C79828C87B7F2C623B5386AB /* Pods */ = {
			isa = PBXGroup;
			children = (
				963871B149F1BA018C322381 /* Pods-FoxDelivery.debug.xcconfig */,
				9B513C08D881BA5D9DEEA557 /* Pods-FoxDelivery.release.xcconfig */,
			);
			path = Pods;
			sourceTree = "<group>";
		};
/* End PBXGroup section */

/* Begin PBXNativeTarget section */
		974654DC2962F24700C148B4 /* FoxDelivery */ = {
			isa = PBXNativeTarget;
			buildConfigurationList = 974654F12962F24800C148B4 /* Build configuration list for PBXNativeTarget "FoxDelivery" */;
			buildPhases = (
				CCBD67DCC70BFA400FB7EE56 /* [CP] Check Pods Manifest.lock */,
				974654D92962F24700C148B4 /* Sources */,
				974654DA2962F24700C148B4 /* Frameworks */,
				974654DB2962F24700C148B4 /* Resources */,
				E289ED7DCE6AFBF6843ACF43 /* [CP] Embed Pods Frameworks */,
			);
			buildRules = (
			);
			dependencies = (
			);
			name = FoxDelivery;
			productName = FoxDelivery;
			productReference = 974654DD2962F24700C148B4 /* FoxDelivery.app */;
			productType = "com.apple.product-type.application";
		};
/* End PBXNativeTarget section */

/* Begin PBXProject section */
		974654D52962F24700C148B4 /* Project object */ = {
			isa = PBXProject;
			attributes = {
				BuildIndependentTargetsInParallel = 1;
				LastSwiftUpdateCheck = 1420;
				LastUpgradeCheck = 1420;
				TargetAttributes = {
					974654DC2962F24700C148B4 = {
						CreatedOnToolsVersion = 14.2;
					};
				};
			};
			buildConfigurationList = 974654D82962F24700C148B4 /* Build configuration list for PBXProject "FoxDelivery" */;
			compatibilityVersion = "Xcode 14.0";
			developmentRegion = en;
			hasScannedForEncodings = 0;
			knownRegions = (
				en,
				Base,
			);
			mainGroup = 974654D42962F24700C148B4;
			productRefGroup = 974654DE2962F24700C148B4 /* Products */;
			projectDirPath = "";
			projectRoot = "";
			targets = (
				974654DC2962F24700C148B4 /* FoxDelivery */,
			);
		};
/* End PBXProject section */

/* Begin PBXResourcesBuildPhase section */
		974654DB2962F24700C148B4 /* Resources */ = {
			isa = PBXResourcesBuildPhase;
			buildActionMask = 2147483647;
			files = (
				974654ED2962F24800C148B4 /* LaunchScreen.storyboard in Resources */,
				9746555829631EE600C148B4 /* GoogleService-Info.plist in Resources */,
				974654EA2962F24800C148B4 /* Assets.xcassets in Resources */,
				974654E82962F24700C148B4 /* Main.storyboard in Resources */,
			);
			runOnlyForDeploymentPostprocessing = 0;
		};
/* End PBXResourcesBuildPhase section */

/* Begin PBXShellScriptBuildPhase section */
		CCBD67DCC70BFA400FB7EE56 /* [CP] Check Pods Manifest.lock */ = {
			isa = PBXShellScriptBuildPhase;
			buildActionMask = 2147483647;
			files = (
			);
			inputFileListPaths = (
			);
			inputPaths = (
				"${PODS_PODFILE_DIR_PATH}/Podfile.lock",
				"${PODS_ROOT}/Manifest.lock",
			);
			name = "[CP] Check Pods Manifest.lock";
			outputFileListPaths = (
			);
			outputPaths = (
				"$(DERIVED_FILE_DIR)/Pods-FoxDelivery-checkManifestLockResult.txt",
			);
			runOnlyForDeploymentPostprocessing = 0;
			shellPath = /bin/sh;
			shellScript = "diff \"${PODS_PODFILE_DIR_PATH}/Podfile.lock\" \"${PODS_ROOT}/Manifest.lock\" > /dev/null\nif [ $? != 0 ] ; then\n    # print error to STDERR\n    echo \"error: The sandbox is not in sync with the Podfile.lock. Run 'pod install' or update your CocoaPods installation.\" >&2\n    exit 1\nfi\n# This output is used by Xcode 'outputs' to avoid re-running this script phase.\necho \"SUCCESS\" > \"${SCRIPT_OUTPUT_FILE_0}\"\n";
			showEnvVarsInLog = 0;
		};
		E289ED7DCE6AFBF6843ACF43 /* [CP] Embed Pods Frameworks */ = {
			isa = PBXShellScriptBuildPhase;
			buildActionMask = 2147483647;
			files = (
			);
			inputFileListPaths = (
				"${PODS_ROOT}/Target Support Files/Pods-FoxDelivery/Pods-FoxDelivery-frameworks-${CONFIGURATION}-input-files.xcfilelist",
			);
			name = "[CP] Embed Pods Frameworks";
			outputFileListPaths = (
				"${PODS_ROOT}/Target Support Files/Pods-FoxDelivery/Pods-FoxDelivery-frameworks-${CONFIGURATION}-output-files.xcfilelist",
			);
			runOnlyForDeploymentPostprocessing = 0;
			shellPath = /bin/sh;
			shellScript = "\"${PODS_ROOT}/Target Support Files/Pods-FoxDelivery/Pods-FoxDelivery-frameworks.sh\"\n";
			showEnvVarsInLog = 0;
		};
/* End PBXShellScriptBuildPhase section */

/* Begin PBXSourcesBuildPhase section */
		974654D92962F24700C148B4 /* Sources */ = {
			isa = PBXSourcesBuildPhase;
			buildActionMask = 2147483647;
			files = (
				9746555029631C7F00C148B4 /* RegistrationViewControllerView.swift in Sources */,
				974655332962FD3300C148B4 /* Extension + UIViewController.swift in Sources */,
				970A2B7529B38D770085ADDC /* Extension + String.swift in Sources */,
				9746552D2962FCC400C148B4 /* Extension + UIView.swift in Sources */,
				974655162962F99600C148B4 /* Dynamic.swift in Sources */,
				97AE2AFF2987EF3600DE8E27 /* OrderButton.swift in Sources */,
				979EBF93296CB46800F1595C /* SpinnerViewController.swift in Sources */,
				97FC98AE2972F47700710CAD /* TypesOfDishesEnum.swift in Sources */,
				97AE2AF82987D20B00DE8E27 /* BasketViewControllerView.swift in Sources */,
				974655222962FBEC00C148B4 /* Colors.swift in Sources */,
				9746554E29631C6500C148B4 /* RegistrationViewController.swift in Sources */,
				97FC98AB2972EBA700710CAD /* TypesOfDishesView.swift in Sources */,
				976DC77E29740C6300E482DB /* DishesCellAddButton.swift in Sources */,
				970A2B7929B3B3F00085ADDC /* BasketTableViewCell.swift in Sources */,
				97AE2B05298820BF00DE8E27 /* DishesViewModel.swift in Sources */,
				9746555629631D4B00C148B4 /* AttributedStringWithLink.swift in Sources */,
				974655202962FB5700C148B4 /* Constants.swift in Sources */,
				974654FD2962F48300C148B4 /* APIManager.swift in Sources */,
				97AE2AF32987D0B600DE8E27 /* SpinnerView.swift in Sources */,
				970A2ACA2997EC530085ADDC /* MainTabBarItems.swift in Sources */,
				979EBF98296CBD0100F1595C /* DishesViewController.swift in Sources */,
				9746554B29631B7D00C148B4 /* DeliveryMenuMainTabBarDependencyContainer.swift in Sources */,
				9746554429630F3500C148B4 /* KeyboardObserver.swift in Sources */,
				974655142962F98000C148B4 /* MainView.swift in Sources */,
				974655042962F72500C148B4 /* AuthManager.swift in Sources */,
				979EBF95296CB47C00F1595C /* SpinnerViewControllerView.swift in Sources */,
				970A2B3A29A7B9AB0085ADDC /* BasketViewModel.swift in Sources */,
				974655122962F95800C148B4 /* NavigationStepResponder.swift in Sources */,
				974654E12962F24700C148B4 /* AppDelegate.swift in Sources */,
				974655102962F94100C148B4 /* MainResponder.swift in Sources */,
				979EBF9A296CBD1300F1595C /* DishesViewControllerView.swift in Sources */,
				9746554929631A3800C148B4 /* MainViewController.swift in Sources */,
				9746554229630F0500C148B4 /* LoginBottomView.swift in Sources */,
				974655312962FD1200C148B4 /* Extension + UIAlert.swift in Sources */,
				974655192962F9E700C148B4 /* MainViewModel.swift in Sources */,
				9746553F29630ED600C148B4 /* AuthTextFieldView.swift in Sources */,
				97AE2AFD2987DB3500DE8E27 /* SelfSizingTableView.swift in Sources */,
				97AE2AF62987D1D900DE8E27 /* BasketViewController.swift in Sources */,
				9746555A2965CE4F00C148B4 /* RegistrationViewModel.swift in Sources */,
				9746553929630E7B00C148B4 /* ConfirmRegistrationButton.swift in Sources */,
				97AE2AFB2987D9DE00DE8E27 /* MovingBasketView.swift in Sources */,
				974E6AD829B49414001B1E25 /* MovingBasketViewCell.swift in Sources */,
				9746551B2962FA0400C148B4 /* LoginViewModel.swift in Sources */,
				97FC98B22972FC5700710CAD /* TypesOfDishesCollectionViewCell.swift in Sources */,
				974655002962F55F00C148B4 /* UserModel.swift in Sources */,
				9746550E2962F91600C148B4 /* NiblessViewcontroller.swift in Sources */,
				9746553C29630EAB00C148B4 /* CheckBoxButton.swift in Sources */,
				97AE2B0129880B3E00DE8E27 /* DishModel.swift in Sources */,
				9746551D2962FB1A00C148B4 /* LoginViewControllerView.swift in Sources */,
				9746552F2962FCEA00C148B4 /* Extension + Optional.swift in Sources */,
				9746550B2962F8C100C148B4 /* LoginViewController.swift in Sources */,
				97FC98B629733B0400710CAD /* DishesCollectionViewCell.swift in Sources */,
				974654E32962F24700C148B4 /* SceneDelegate.swift in Sources */,
				9746553529630E2D00C148B4 /* AuthTextField.swift in Sources */,
				9746554729631A1600C148B4 /* DeliveryMenuDependencyContainer.swift in Sources */,
				970A2ACC299E79C80085ADDC /* CustomBasketItemView.swift in Sources */,
				9746555329631D0400C148B4 /* RegistrationBottomView.swift in Sources */,
				974655242962FC1300C148B4 /* Icons.swift in Sources */,
				974655272962FC3300C148B4 /* Images.swift in Sources */,
				974655062962F7A600C148B4 /* LoginUserModel.swift in Sources */,
				974655022962F59F00C148B4 /* Document.swift in Sources */,
			);
			runOnlyForDeploymentPostprocessing = 0;
		};
/* End PBXSourcesBuildPhase section */

/* Begin PBXVariantGroup section */
		974654E62962F24700C148B4 /* Main.storyboard */ = {
			isa = PBXVariantGroup;
			children = (
				974654E72962F24700C148B4 /* Base */,
			);
			name = Main.storyboard;
			sourceTree = "<group>";
		};
		974654EB2962F24800C148B4 /* LaunchScreen.storyboard */ = {
			isa = PBXVariantGroup;
			children = (
				974654EC2962F24800C148B4 /* Base */,
			);
			name = LaunchScreen.storyboard;
			sourceTree = "<group>";
		};
/* End PBXVariantGroup section */

/* Begin XCBuildConfiguration section */
		974654EF2962F24800C148B4 /* Debug */ = {
			isa = XCBuildConfiguration;
			buildSettings = {
				ALWAYS_SEARCH_USER_PATHS = NO;
				CLANG_ANALYZER_NONNULL = YES;
				CLANG_ANALYZER_NUMBER_OBJECT_CONVERSION = YES_AGGRESSIVE;
				CLANG_CXX_LANGUAGE_STANDARD = "gnu++20";
				CLANG_ENABLE_MODULES = YES;
				CLANG_ENABLE_OBJC_ARC = YES;
				CLANG_ENABLE_OBJC_WEAK = YES;
				CLANG_WARN_BLOCK_CAPTURE_AUTORELEASING = YES;
				CLANG_WARN_BOOL_CONVERSION = YES;
				CLANG_WARN_COMMA = YES;
				CLANG_WARN_CONSTANT_CONVERSION = YES;
				CLANG_WARN_DEPRECATED_OBJC_IMPLEMENTATIONS = YES;
				CLANG_WARN_DIRECT_OBJC_ISA_USAGE = YES_ERROR;
				CLANG_WARN_DOCUMENTATION_COMMENTS = YES;
				CLANG_WARN_EMPTY_BODY = YES;
				CLANG_WARN_ENUM_CONVERSION = YES;
				CLANG_WARN_INFINITE_RECURSION = YES;
				CLANG_WARN_INT_CONVERSION = YES;
				CLANG_WARN_NON_LITERAL_NULL_CONVERSION = YES;
				CLANG_WARN_OBJC_IMPLICIT_RETAIN_SELF = YES;
				CLANG_WARN_OBJC_LITERAL_CONVERSION = YES;
				CLANG_WARN_OBJC_ROOT_CLASS = YES_ERROR;
				CLANG_WARN_QUOTED_INCLUDE_IN_FRAMEWORK_HEADER = YES;
				CLANG_WARN_RANGE_LOOP_ANALYSIS = YES;
				CLANG_WARN_STRICT_PROTOTYPES = YES;
				CLANG_WARN_SUSPICIOUS_MOVE = YES;
				CLANG_WARN_UNGUARDED_AVAILABILITY = YES_AGGRESSIVE;
				CLANG_WARN_UNREACHABLE_CODE = YES;
				CLANG_WARN__DUPLICATE_METHOD_MATCH = YES;
				COPY_PHASE_STRIP = NO;
				DEBUG_INFORMATION_FORMAT = dwarf;
				ENABLE_STRICT_OBJC_MSGSEND = YES;
				ENABLE_TESTABILITY = YES;
				GCC_C_LANGUAGE_STANDARD = gnu11;
				GCC_DYNAMIC_NO_PIC = NO;
				GCC_NO_COMMON_BLOCKS = YES;
				GCC_OPTIMIZATION_LEVEL = 0;
				GCC_PREPROCESSOR_DEFINITIONS = (
					"DEBUG=1",
					"$(inherited)",
				);
				GCC_WARN_64_TO_32_BIT_CONVERSION = YES;
				GCC_WARN_ABOUT_RETURN_TYPE = YES_ERROR;
				GCC_WARN_UNDECLARED_SELECTOR = YES;
				GCC_WARN_UNINITIALIZED_AUTOS = YES_AGGRESSIVE;
				GCC_WARN_UNUSED_FUNCTION = YES;
				GCC_WARN_UNUSED_VARIABLE = YES;
				IPHONEOS_DEPLOYMENT_TARGET = 16.2;
				MTL_ENABLE_DEBUG_INFO = INCLUDE_SOURCE;
				MTL_FAST_MATH = YES;
				ONLY_ACTIVE_ARCH = YES;
				SDKROOT = iphoneos;
				SWIFT_ACTIVE_COMPILATION_CONDITIONS = DEBUG;
				SWIFT_OPTIMIZATION_LEVEL = "-Onone";
			};
			name = Debug;
		};
		974654F02962F24800C148B4 /* Release */ = {
			isa = XCBuildConfiguration;
			buildSettings = {
				ALWAYS_SEARCH_USER_PATHS = NO;
				CLANG_ANALYZER_NONNULL = YES;
				CLANG_ANALYZER_NUMBER_OBJECT_CONVERSION = YES_AGGRESSIVE;
				CLANG_CXX_LANGUAGE_STANDARD = "gnu++20";
				CLANG_ENABLE_MODULES = YES;
				CLANG_ENABLE_OBJC_ARC = YES;
				CLANG_ENABLE_OBJC_WEAK = YES;
				CLANG_WARN_BLOCK_CAPTURE_AUTORELEASING = YES;
				CLANG_WARN_BOOL_CONVERSION = YES;
				CLANG_WARN_COMMA = YES;
				CLANG_WARN_CONSTANT_CONVERSION = YES;
				CLANG_WARN_DEPRECATED_OBJC_IMPLEMENTATIONS = YES;
				CLANG_WARN_DIRECT_OBJC_ISA_USAGE = YES_ERROR;
				CLANG_WARN_DOCUMENTATION_COMMENTS = YES;
				CLANG_WARN_EMPTY_BODY = YES;
				CLANG_WARN_ENUM_CONVERSION = YES;
				CLANG_WARN_INFINITE_RECURSION = YES;
				CLANG_WARN_INT_CONVERSION = YES;
				CLANG_WARN_NON_LITERAL_NULL_CONVERSION = YES;
				CLANG_WARN_OBJC_IMPLICIT_RETAIN_SELF = YES;
				CLANG_WARN_OBJC_LITERAL_CONVERSION = YES;
				CLANG_WARN_OBJC_ROOT_CLASS = YES_ERROR;
				CLANG_WARN_QUOTED_INCLUDE_IN_FRAMEWORK_HEADER = YES;
				CLANG_WARN_RANGE_LOOP_ANALYSIS = YES;
				CLANG_WARN_STRICT_PROTOTYPES = YES;
				CLANG_WARN_SUSPICIOUS_MOVE = YES;
				CLANG_WARN_UNGUARDED_AVAILABILITY = YES_AGGRESSIVE;
				CLANG_WARN_UNREACHABLE_CODE = YES;
				CLANG_WARN__DUPLICATE_METHOD_MATCH = YES;
				COPY_PHASE_STRIP = NO;
				DEBUG_INFORMATION_FORMAT = "dwarf-with-dsym";
				ENABLE_NS_ASSERTIONS = NO;
				ENABLE_STRICT_OBJC_MSGSEND = YES;
				GCC_C_LANGUAGE_STANDARD = gnu11;
				GCC_NO_COMMON_BLOCKS = YES;
				GCC_WARN_64_TO_32_BIT_CONVERSION = YES;
				GCC_WARN_ABOUT_RETURN_TYPE = YES_ERROR;
				GCC_WARN_UNDECLARED_SELECTOR = YES;
				GCC_WARN_UNINITIALIZED_AUTOS = YES_AGGRESSIVE;
				GCC_WARN_UNUSED_FUNCTION = YES;
				GCC_WARN_UNUSED_VARIABLE = YES;
				IPHONEOS_DEPLOYMENT_TARGET = 16.2;
				MTL_ENABLE_DEBUG_INFO = NO;
				MTL_FAST_MATH = YES;
				SDKROOT = iphoneos;
				SWIFT_COMPILATION_MODE = wholemodule;
				SWIFT_OPTIMIZATION_LEVEL = "-O";
				VALIDATE_PRODUCT = YES;
			};
			name = Release;
		};
		974654F22962F24800C148B4 /* Debug */ = {
			isa = XCBuildConfiguration;
			baseConfigurationReference = 963871B149F1BA018C322381 /* Pods-FoxDelivery.debug.xcconfig */;
			buildSettings = {
				ASSETCATALOG_COMPILER_APPICON_NAME = AppIcon;
				ASSETCATALOG_COMPILER_GLOBAL_ACCENT_COLOR_NAME = AccentColor;
				CODE_SIGN_STYLE = Automatic;
				CURRENT_PROJECT_VERSION = 1;
				DEVELOPMENT_TEAM = 3Q7G5DB7T3;
				GENERATE_INFOPLIST_FILE = YES;
				INFOPLIST_FILE = FoxDelivery/Info.plist;
				INFOPLIST_KEY_UIApplicationSupportsIndirectInputEvents = YES;
				INFOPLIST_KEY_UILaunchStoryboardName = LaunchScreen;
				INFOPLIST_KEY_UIMainStoryboardFile = Main;
				INFOPLIST_KEY_UISupportedInterfaceOrientations_iPad = "UIInterfaceOrientationPortrait UIInterfaceOrientationPortraitUpsideDown UIInterfaceOrientationLandscapeLeft UIInterfaceOrientationLandscapeRight";
				INFOPLIST_KEY_UISupportedInterfaceOrientations_iPhone = "UIInterfaceOrientationPortrait UIInterfaceOrientationLandscapeLeft UIInterfaceOrientationLandscapeRight";
				LD_RUNPATH_SEARCH_PATHS = (
					"$(inherited)",
					"@executable_path/Frameworks",
				);
				MARKETING_VERSION = 1.0;
				PRODUCT_BUNDLE_IDENTIFIER = by.rastsisheuski.FoxDelivery;
				PRODUCT_NAME = "$(TARGET_NAME)";
				SWIFT_EMIT_LOC_STRINGS = YES;
				SWIFT_VERSION = 5.0;
				TARGETED_DEVICE_FAMILY = "1,2";
			};
			name = Debug;
		};
		974654F32962F24800C148B4 /* Release */ = {
			isa = XCBuildConfiguration;
			baseConfigurationReference = 9B513C08D881BA5D9DEEA557 /* Pods-FoxDelivery.release.xcconfig */;
			buildSettings = {
				ASSETCATALOG_COMPILER_APPICON_NAME = AppIcon;
				ASSETCATALOG_COMPILER_GLOBAL_ACCENT_COLOR_NAME = AccentColor;
				CODE_SIGN_STYLE = Automatic;
				CURRENT_PROJECT_VERSION = 1;
				DEVELOPMENT_TEAM = 3Q7G5DB7T3;
				GENERATE_INFOPLIST_FILE = YES;
				INFOPLIST_FILE = FoxDelivery/Info.plist;
				INFOPLIST_KEY_UIApplicationSupportsIndirectInputEvents = YES;
				INFOPLIST_KEY_UILaunchStoryboardName = LaunchScreen;
				INFOPLIST_KEY_UIMainStoryboardFile = Main;
				INFOPLIST_KEY_UISupportedInterfaceOrientations_iPad = "UIInterfaceOrientationPortrait UIInterfaceOrientationPortraitUpsideDown UIInterfaceOrientationLandscapeLeft UIInterfaceOrientationLandscapeRight";
				INFOPLIST_KEY_UISupportedInterfaceOrientations_iPhone = "UIInterfaceOrientationPortrait UIInterfaceOrientationLandscapeLeft UIInterfaceOrientationLandscapeRight";
				LD_RUNPATH_SEARCH_PATHS = (
					"$(inherited)",
					"@executable_path/Frameworks",
				);
				MARKETING_VERSION = 1.0;
				PRODUCT_BUNDLE_IDENTIFIER = by.rastsisheuski.FoxDelivery;
				PRODUCT_NAME = "$(TARGET_NAME)";
				SWIFT_EMIT_LOC_STRINGS = YES;
				SWIFT_VERSION = 5.0;
				TARGETED_DEVICE_FAMILY = "1,2";
			};
			name = Release;
		};
/* End XCBuildConfiguration section */

/* Begin XCConfigurationList section */
		974654D82962F24700C148B4 /* Build configuration list for PBXProject "FoxDelivery" */ = {
			isa = XCConfigurationList;
			buildConfigurations = (
				974654EF2962F24800C148B4 /* Debug */,
				974654F02962F24800C148B4 /* Release */,
			);
			defaultConfigurationIsVisible = 0;
			defaultConfigurationName = Release;
		};
		974654F12962F24800C148B4 /* Build configuration list for PBXNativeTarget "FoxDelivery" */ = {
			isa = XCConfigurationList;
			buildConfigurations = (
				974654F22962F24800C148B4 /* Debug */,
				974654F32962F24800C148B4 /* Release */,
			);
			defaultConfigurationIsVisible = 0;
			defaultConfigurationName = Release;
		};
/* End XCConfigurationList section */
	};
	rootObject = 974654D52962F24700C148B4 /* Project object */;
}
